// !$*UTF8*$!
{
	archiveVersion = 1;
	classes = {
	};
	objectVersion = 52;
	objects = {

/* Begin PBXBuildFile section */
		803E481726BDDFA90042C29E /* Statistic.swift in Sources */ = {isa = PBXBuildFile; fileRef = 803E481626BDDFA90042C29E /* Statistic.swift */; };
		803E481926BDE0D10042C29E /* StatisticView.swift in Sources */ = {isa = PBXBuildFile; fileRef = 803E481826BDE0D10042C29E /* StatisticView.swift */; };
		803E481B26BE250D0042C29E /* HomeStatsView.swift in Sources */ = {isa = PBXBuildFile; fileRef = 803E481A26BE250D0042C29E /* HomeStatsView.swift */; };
		808DE47926AFCEBC00907F92 /* LocalFileManager.swift in Sources */ = {isa = PBXBuildFile; fileRef = 808DE47826AFCEBC00907F92 /* LocalFileManager.swift */; };
		808DE47B26AFDD9B00907F92 /* SearchBarView.swift in Sources */ = {isa = PBXBuildFile; fileRef = 808DE47A26AFDD9B00907F92 /* SearchBarView.swift */; };
		808DE47D26AFE33300907F92 /* UIApplication.swift in Sources */ = {isa = PBXBuildFile; fileRef = 808DE47C26AFE33300907F92 /* UIApplication.swift */; };
		80CFD32B26A7EFD5009790A2 /* CryptoAppApp.swift in Sources */ = {isa = PBXBuildFile; fileRef = 80CFD32A26A7EFD5009790A2 /* CryptoAppApp.swift */; };
		80CFD32D26A7EFD5009790A2 /* ContentView.swift in Sources */ = {isa = PBXBuildFile; fileRef = 80CFD32C26A7EFD5009790A2 /* ContentView.swift */; };
		80CFD32F26A7EFD8009790A2 /* Assets.xcassets in Resources */ = {isa = PBXBuildFile; fileRef = 80CFD32E26A7EFD8009790A2 /* Assets.xcassets */; };
		80CFD33226A7EFD8009790A2 /* Preview Assets.xcassets in Resources */ = {isa = PBXBuildFile; fileRef = 80CFD33126A7EFD8009790A2 /* Preview Assets.xcassets */; };
		80CFD33B26A7F2D7009790A2 /* Color.swift in Sources */ = {isa = PBXBuildFile; fileRef = 80CFD33A26A7F2D7009790A2 /* Color.swift */; };
		80CFD34126A7F530009790A2 /* HomeView.swift in Sources */ = {isa = PBXBuildFile; fileRef = 80CFD34026A7F530009790A2 /* HomeView.swift */; };
		80CFD34526A8857D009790A2 /* CircleButtonView.swift in Sources */ = {isa = PBXBuildFile; fileRef = 80CFD34426A8857D009790A2 /* CircleButtonView.swift */; };
		80CFD34726A888B6009790A2 /* CircleButtonAnimationView.swift in Sources */ = {isa = PBXBuildFile; fileRef = 80CFD34626A888B6009790A2 /* CircleButtonAnimationView.swift */; };
		80CFD34A26A88D38009790A2 /* Coin.swift in Sources */ = {isa = PBXBuildFile; fileRef = 80CFD34926A88D38009790A2 /* Coin.swift */; };
		80CFD34C26A89634009790A2 /* CoinRowView.swift in Sources */ = {isa = PBXBuildFile; fileRef = 80CFD34B26A89634009790A2 /* CoinRowView.swift */; };
		80CFD34E26A89697009790A2 /* DummyData.swift in Sources */ = {isa = PBXBuildFile; fileRef = 80CFD34D26A89697009790A2 /* DummyData.swift */; };
		80CFD35126A89ACC009790A2 /* Kingfisher in Frameworks */ = {isa = PBXBuildFile; productRef = 80CFD35026A89ACC009790A2 /* Kingfisher */; };
		80CFD35326A89D72009790A2 /* Double.swift in Sources */ = {isa = PBXBuildFile; fileRef = 80CFD35226A89D72009790A2 /* Double.swift */; };
		80CFD35526A8E8D0009790A2 /* HomeViewModel.swift in Sources */ = {isa = PBXBuildFile; fileRef = 80CFD35426A8E8D0009790A2 /* HomeViewModel.swift */; };
		80CFD35826A90856009790A2 /* CoinDataService.swift in Sources */ = {isa = PBXBuildFile; fileRef = 80CFD35726A90856009790A2 /* CoinDataService.swift */; };
		80ED68D726AE066E000BD7F5 /* NetworkingManager.swift in Sources */ = {isa = PBXBuildFile; fileRef = 80ED68D626AE066E000BD7F5 /* NetworkingManager.swift */; };
		80ED68DA26AE0E01000BD7F5 /* CoinImageView.swift in Sources */ = {isa = PBXBuildFile; fileRef = 80ED68D926AE0E01000BD7F5 /* CoinImageView.swift */; };
		80ED68DC26AE0FD6000BD7F5 /* CoinImageService.swift in Sources */ = {isa = PBXBuildFile; fileRef = 80ED68DB26AE0FD6000BD7F5 /* CoinImageService.swift */; };
		80ED68DE26AE11C2000BD7F5 /* CoinImageViewModel.swift in Sources */ = {isa = PBXBuildFile; fileRef = 80ED68DD26AE11C2000BD7F5 /* CoinImageViewModel.swift */; };
/* End PBXBuildFile section */

/* Begin PBXFileReference section */
		803E481626BDDFA90042C29E /* Statistic.swift */ = {isa = PBXFileReference; lastKnownFileType = sourcecode.swift; path = Statistic.swift; sourceTree = "<group>"; };
		803E481826BDE0D10042C29E /* StatisticView.swift */ = {isa = PBXFileReference; lastKnownFileType = sourcecode.swift; path = StatisticView.swift; sourceTree = "<group>"; };
		803E481A26BE250D0042C29E /* HomeStatsView.swift */ = {isa = PBXFileReference; lastKnownFileType = sourcecode.swift; path = HomeStatsView.swift; sourceTree = "<group>"; };
		808DE47826AFCEBC00907F92 /* LocalFileManager.swift */ = {isa = PBXFileReference; lastKnownFileType = sourcecode.swift; path = LocalFileManager.swift; sourceTree = "<group>"; };
		808DE47A26AFDD9B00907F92 /* SearchBarView.swift */ = {isa = PBXFileReference; lastKnownFileType = sourcecode.swift; path = SearchBarView.swift; sourceTree = "<group>"; };
		808DE47C26AFE33300907F92 /* UIApplication.swift */ = {isa = PBXFileReference; lastKnownFileType = sourcecode.swift; path = UIApplication.swift; sourceTree = "<group>"; };
		80CFD32726A7EFD5009790A2 /* CryptoApp.app */ = {isa = PBXFileReference; explicitFileType = wrapper.application; includeInIndex = 0; path = CryptoApp.app; sourceTree = BUILT_PRODUCTS_DIR; };
		80CFD32A26A7EFD5009790A2 /* CryptoAppApp.swift */ = {isa = PBXFileReference; lastKnownFileType = sourcecode.swift; path = CryptoAppApp.swift; sourceTree = "<group>"; };
		80CFD32C26A7EFD5009790A2 /* ContentView.swift */ = {isa = PBXFileReference; lastKnownFileType = sourcecode.swift; path = ContentView.swift; sourceTree = "<group>"; };
		80CFD32E26A7EFD8009790A2 /* Assets.xcassets */ = {isa = PBXFileReference; lastKnownFileType = folder.assetcatalog; path = Assets.xcassets; sourceTree = "<group>"; };
		80CFD33126A7EFD8009790A2 /* Preview Assets.xcassets */ = {isa = PBXFileReference; lastKnownFileType = folder.assetcatalog; path = "Preview Assets.xcassets"; sourceTree = "<group>"; };
		80CFD33326A7EFD8009790A2 /* Info.plist */ = {isa = PBXFileReference; lastKnownFileType = text.plist.xml; path = Info.plist; sourceTree = "<group>"; };
		80CFD33A26A7F2D7009790A2 /* Color.swift */ = {isa = PBXFileReference; lastKnownFileType = sourcecode.swift; path = Color.swift; sourceTree = "<group>"; };
		80CFD34026A7F530009790A2 /* HomeView.swift */ = {isa = PBXFileReference; lastKnownFileType = sourcecode.swift; path = HomeView.swift; sourceTree = "<group>"; };
		80CFD34426A8857D009790A2 /* CircleButtonView.swift */ = {isa = PBXFileReference; lastKnownFileType = sourcecode.swift; path = CircleButtonView.swift; sourceTree = "<group>"; };
		80CFD34626A888B6009790A2 /* CircleButtonAnimationView.swift */ = {isa = PBXFileReference; lastKnownFileType = sourcecode.swift; path = CircleButtonAnimationView.swift; sourceTree = "<group>"; };
		80CFD34926A88D38009790A2 /* Coin.swift */ = {isa = PBXFileReference; lastKnownFileType = sourcecode.swift; path = Coin.swift; sourceTree = "<group>"; };
		80CFD34B26A89634009790A2 /* CoinRowView.swift */ = {isa = PBXFileReference; lastKnownFileType = sourcecode.swift; path = CoinRowView.swift; sourceTree = "<group>"; };
		80CFD34D26A89697009790A2 /* DummyData.swift */ = {isa = PBXFileReference; lastKnownFileType = sourcecode.swift; path = DummyData.swift; sourceTree = "<group>"; };
		80CFD35226A89D72009790A2 /* Double.swift */ = {isa = PBXFileReference; lastKnownFileType = sourcecode.swift; path = Double.swift; sourceTree = "<group>"; };
		80CFD35426A8E8D0009790A2 /* HomeViewModel.swift */ = {isa = PBXFileReference; lastKnownFileType = sourcecode.swift; path = HomeViewModel.swift; sourceTree = "<group>"; };
		80CFD35726A90856009790A2 /* CoinDataService.swift */ = {isa = PBXFileReference; lastKnownFileType = sourcecode.swift; path = CoinDataService.swift; sourceTree = "<group>"; };
		80ED68D626AE066E000BD7F5 /* NetworkingManager.swift */ = {isa = PBXFileReference; lastKnownFileType = sourcecode.swift; path = NetworkingManager.swift; sourceTree = "<group>"; };
		80ED68D926AE0E01000BD7F5 /* CoinImageView.swift */ = {isa = PBXFileReference; lastKnownFileType = sourcecode.swift; path = CoinImageView.swift; sourceTree = "<group>"; };
		80ED68DB26AE0FD6000BD7F5 /* CoinImageService.swift */ = {isa = PBXFileReference; lastKnownFileType = sourcecode.swift; path = CoinImageService.swift; sourceTree = "<group>"; };
		80ED68DD26AE11C2000BD7F5 /* CoinImageViewModel.swift */ = {isa = PBXFileReference; lastKnownFileType = sourcecode.swift; path = CoinImageViewModel.swift; sourceTree = "<group>"; };
/* End PBXFileReference section */

/* Begin PBXFrameworksBuildPhase section */
		80CFD32426A7EFD5009790A2 /* Frameworks */ = {
			isa = PBXFrameworksBuildPhase;
			buildActionMask = 2147483647;
			files = (
				80CFD35126A89ACC009790A2 /* Kingfisher in Frameworks */,
			);
			runOnlyForDeploymentPostprocessing = 0;
		};
/* End PBXFrameworksBuildPhase section */

/* Begin PBXGroup section */
		80CFD31E26A7EFD5009790A2 = {
			isa = PBXGroup;
			children = (
				80CFD32926A7EFD5009790A2 /* CryptoApp */,
				80CFD32826A7EFD5009790A2 /* Products */,
			);
			sourceTree = "<group>";
		};
		80CFD32826A7EFD5009790A2 /* Products */ = {
			isa = PBXGroup;
			children = (
				80CFD32726A7EFD5009790A2 /* CryptoApp.app */,
			);
			name = Products;
			sourceTree = "<group>";
		};
		80CFD32926A7EFD5009790A2 /* CryptoApp */ = {
			isa = PBXGroup;
			children = (
				80CFD35626A90832009790A2 /* Networking */,
				80CFD33C26A7F4DE009790A2 /* Core */,
				80CFD33926A7F2C5009790A2 /* Extensions */,
				80CFD34826A88D17009790A2 /* Models */,
				80CFD32A26A7EFD5009790A2 /* CryptoAppApp.swift */,
				80CFD32C26A7EFD5009790A2 /* ContentView.swift */,
				80CFD32E26A7EFD8009790A2 /* Assets.xcassets */,
				80CFD33326A7EFD8009790A2 /* Info.plist */,
				80CFD33026A7EFD8009790A2 /* Preview Content */,
			);
			path = CryptoApp;
			sourceTree = "<group>";
		};
		80CFD33026A7EFD8009790A2 /* Preview Content */ = {
			isa = PBXGroup;
			children = (
				80CFD33126A7EFD8009790A2 /* Preview Assets.xcassets */,
			);
			path = "Preview Content";
			sourceTree = "<group>";
		};
		80CFD33926A7F2C5009790A2 /* Extensions */ = {
			isa = PBXGroup;
			children = (
				80CFD33A26A7F2D7009790A2 /* Color.swift */,
				80CFD34D26A89697009790A2 /* DummyData.swift */,
				80CFD35226A89D72009790A2 /* Double.swift */,
				808DE47C26AFE33300907F92 /* UIApplication.swift */,
			);
			path = Extensions;
			sourceTree = "<group>";
		};
		80CFD33C26A7F4DE009790A2 /* Core */ = {
			isa = PBXGroup;
			children = (
				80CFD34226A88554009790A2 /* Components */,
				80CFD33D26A7F4FF009790A2 /* Home */,
			);
			path = Core;
			sourceTree = "<group>";
		};
		80CFD33D26A7F4FF009790A2 /* Home */ = {
			isa = PBXGroup;
			children = (
				80CFD33F26A7F511009790A2 /* ViewModels */,
				80CFD33E26A7F50B009790A2 /* Views */,
			);
			path = Home;
			sourceTree = "<group>";
		};
		80CFD33E26A7F50B009790A2 /* Views */ = {
			isa = PBXGroup;
			children = (
				80CFD34026A7F530009790A2 /* HomeView.swift */,
				80CFD34B26A89634009790A2 /* CoinRowView.swift */,
				803E481A26BE250D0042C29E /* HomeStatsView.swift */,
			);
			path = Views;
			sourceTree = "<group>";
		};
		80CFD33F26A7F511009790A2 /* ViewModels */ = {
			isa = PBXGroup;
			children = (
				80CFD35426A8E8D0009790A2 /* HomeViewModel.swift */,
			);
			path = ViewModels;
			sourceTree = "<group>";
		};
		80CFD34226A88554009790A2 /* Components */ = {
			isa = PBXGroup;
			children = (
				80ED68D826AE0DE9000BD7F5 /* CoinImage */,
				80CFD34326A8856C009790A2 /* CircleButton */,
				808DE47A26AFDD9B00907F92 /* SearchBarView.swift */,
				803E481826BDE0D10042C29E /* StatisticView.swift */,
			);
			path = Components;
			sourceTree = "<group>";
		};
		80CFD34326A8856C009790A2 /* CircleButton */ = {
			isa = PBXGroup;
			children = (
				80CFD34426A8857D009790A2 /* CircleButtonView.swift */,
				80CFD34626A888B6009790A2 /* CircleButtonAnimationView.swift */,
			);
			path = CircleButton;
			sourceTree = "<group>";
		};
		80CFD34826A88D17009790A2 /* Models */ = {
			isa = PBXGroup;
			children = (
				80CFD34926A88D38009790A2 /* Coin.swift */,
				803E481626BDDFA90042C29E /* Statistic.swift */,
			);
			path = Models;
			sourceTree = "<group>";
		};
		80CFD35626A90832009790A2 /* Networking */ = {
			isa = PBXGroup;
			children = (
				80CFD35726A90856009790A2 /* CoinDataService.swift */,
				80ED68D626AE066E000BD7F5 /* NetworkingManager.swift */,
				80ED68DB26AE0FD6000BD7F5 /* CoinImageService.swift */,
				808DE47826AFCEBC00907F92 /* LocalFileManager.swift */,
			);
			path = Networking;
			sourceTree = "<group>";
		};
		80ED68D826AE0DE9000BD7F5 /* CoinImage */ = {
			isa = PBXGroup;
			children = (
				80ED68D926AE0E01000BD7F5 /* CoinImageView.swift */,
				80ED68DD26AE11C2000BD7F5 /* CoinImageViewModel.swift */,
			);
			path = CoinImage;
			sourceTree = "<group>";
		};
/* End PBXGroup section */

/* Begin PBXNativeTarget section */
		80CFD32626A7EFD5009790A2 /* CryptoApp */ = {
			isa = PBXNativeTarget;
			buildConfigurationList = 80CFD33626A7EFD8009790A2 /* Build configuration list for PBXNativeTarget "CryptoApp" */;
			buildPhases = (
				80CFD32326A7EFD5009790A2 /* Sources */,
				80CFD32426A7EFD5009790A2 /* Frameworks */,
				80CFD32526A7EFD5009790A2 /* Resources */,
			);
			buildRules = (
			);
			dependencies = (
			);
			name = CryptoApp;
			packageProductDependencies = (
				80CFD35026A89ACC009790A2 /* Kingfisher */,
			);
			productName = CryptoApp;
			productReference = 80CFD32726A7EFD5009790A2 /* CryptoApp.app */;
			productType = "com.apple.product-type.application";
		};
/* End PBXNativeTarget section */

/* Begin PBXProject section */
		80CFD31F26A7EFD5009790A2 /* Project object */ = {
			isa = PBXProject;
			attributes = {
				LastSwiftUpdateCheck = 1250;
				LastUpgradeCheck = 1250;
				TargetAttributes = {
					80CFD32626A7EFD5009790A2 = {
						CreatedOnToolsVersion = 12.5.1;
					};
				};
			};
			buildConfigurationList = 80CFD32226A7EFD5009790A2 /* Build configuration list for PBXProject "CryptoApp" */;
			compatibilityVersion = "Xcode 9.3";
			developmentRegion = en;
			hasScannedForEncodings = 0;
			knownRegions = (
				en,
				Base,
			);
			mainGroup = 80CFD31E26A7EFD5009790A2;
			packageReferences = (
				80CFD34F26A89ACC009790A2 /* XCRemoteSwiftPackageReference "Kingfisher" */,
			);
			productRefGroup = 80CFD32826A7EFD5009790A2 /* Products */;
			projectDirPath = "";
			projectRoot = "";
			targets = (
				80CFD32626A7EFD5009790A2 /* CryptoApp */,
			);
		};
/* End PBXProject section */

/* Begin PBXResourcesBuildPhase section */
		80CFD32526A7EFD5009790A2 /* Resources */ = {
			isa = PBXResourcesBuildPhase;
			buildActionMask = 2147483647;
			files = (
				80CFD33226A7EFD8009790A2 /* Preview Assets.xcassets in Resources */,
				80CFD32F26A7EFD8009790A2 /* Assets.xcassets in Resources */,
			);
			runOnlyForDeploymentPostprocessing = 0;
		};
/* End PBXResourcesBuildPhase section */

/* Begin PBXSourcesBuildPhase section */
		80CFD32326A7EFD5009790A2 /* Sources */ = {
			isa = PBXSourcesBuildPhase;
			buildActionMask = 2147483647;
			files = (
				80CFD34C26A89634009790A2 /* CoinRowView.swift in Sources */,
				80CFD35526A8E8D0009790A2 /* HomeViewModel.swift in Sources */,
				80CFD32D26A7EFD5009790A2 /* ContentView.swift in Sources */,
				80CFD34126A7F530009790A2 /* HomeView.swift in Sources */,
				808DE47926AFCEBC00907F92 /* LocalFileManager.swift in Sources */,
				80CFD32B26A7EFD5009790A2 /* CryptoAppApp.swift in Sources */,
				80ED68DA26AE0E01000BD7F5 /* CoinImageView.swift in Sources */,
				803E481926BDE0D10042C29E /* StatisticView.swift in Sources */,
				80CFD34526A8857D009790A2 /* CircleButtonView.swift in Sources */,
				808DE47D26AFE33300907F92 /* UIApplication.swift in Sources */,
				80CFD35826A90856009790A2 /* CoinDataService.swift in Sources */,
				80CFD33B26A7F2D7009790A2 /* Color.swift in Sources */,
				808DE47B26AFDD9B00907F92 /* SearchBarView.swift in Sources */,
				80ED68D726AE066E000BD7F5 /* NetworkingManager.swift in Sources */,
				80CFD34726A888B6009790A2 /* CircleButtonAnimationView.swift in Sources */,
				803E481B26BE250D0042C29E /* HomeStatsView.swift in Sources */,
				80ED68DE26AE11C2000BD7F5 /* CoinImageViewModel.swift in Sources */,
				80CFD34E26A89697009790A2 /* DummyData.swift in Sources */,
				80CFD35326A89D72009790A2 /* Double.swift in Sources */,
				80ED68DC26AE0FD6000BD7F5 /* CoinImageService.swift in Sources */,
				803E481726BDDFA90042C29E /* Statistic.swift in Sources */,
				80CFD34A26A88D38009790A2 /* Coin.swift in Sources */,
			);
			runOnlyForDeploymentPostprocessing = 0;
		};
/* End PBXSourcesBuildPhase section */

/* Begin XCBuildConfiguration section */
		80CFD33426A7EFD8009790A2 /* Debug */ = {
			isa = XCBuildConfiguration;
			buildSettings = {
				ALWAYS_SEARCH_USER_PATHS = NO;
				CLANG_ANALYZER_NONNULL = YES;
				CLANG_ANALYZER_NUMBER_OBJECT_CONVERSION = YES_AGGRESSIVE;
				CLANG_CXX_LANGUAGE_STANDARD = "gnu++14";
				CLANG_CXX_LIBRARY = "libc++";
				CLANG_ENABLE_MODULES = YES;
				CLANG_ENABLE_OBJC_ARC = YES;
				CLANG_ENABLE_OBJC_WEAK = YES;
				CLANG_WARN_BLOCK_CAPTURE_AUTORELEASING = YES;
				CLANG_WARN_BOOL_CONVERSION = YES;
				CLANG_WARN_COMMA = YES;
				CLANG_WARN_CONSTANT_CONVERSION = YES;
				CLANG_WARN_DEPRECATED_OBJC_IMPLEMENTATIONS = YES;
				CLANG_WARN_DIRECT_OBJC_ISA_USAGE = YES_ERROR;
				CLANG_WARN_DOCUMENTATION_COMMENTS = YES;
				CLANG_WARN_EMPTY_BODY = YES;
				CLANG_WARN_ENUM_CONVERSION = YES;
				CLANG_WARN_INFINITE_RECURSION = YES;
				CLANG_WARN_INT_CONVERSION = YES;
				CLANG_WARN_NON_LITERAL_NULL_CONVERSION = YES;
				CLANG_WARN_OBJC_IMPLICIT_RETAIN_SELF = YES;
				CLANG_WARN_OBJC_LITERAL_CONVERSION = YES;
				CLANG_WARN_OBJC_ROOT_CLASS = YES_ERROR;
				CLANG_WARN_QUOTED_INCLUDE_IN_FRAMEWORK_HEADER = YES;
				CLANG_WARN_RANGE_LOOP_ANALYSIS = YES;
				CLANG_WARN_STRICT_PROTOTYPES = YES;
				CLANG_WARN_SUSPICIOUS_MOVE = YES;
				CLANG_WARN_UNGUARDED_AVAILABILITY = YES_AGGRESSIVE;
				CLANG_WARN_UNREACHABLE_CODE = YES;
				CLANG_WARN__DUPLICATE_METHOD_MATCH = YES;
				COPY_PHASE_STRIP = NO;
				DEBUG_INFORMATION_FORMAT = dwarf;
				ENABLE_STRICT_OBJC_MSGSEND = YES;
				ENABLE_TESTABILITY = YES;
				GCC_C_LANGUAGE_STANDARD = gnu11;
				GCC_DYNAMIC_NO_PIC = NO;
				GCC_NO_COMMON_BLOCKS = YES;
				GCC_OPTIMIZATION_LEVEL = 0;
				GCC_PREPROCESSOR_DEFINITIONS = (
					"DEBUG=1",
					"$(inherited)",
				);
				GCC_WARN_64_TO_32_BIT_CONVERSION = YES;
				GCC_WARN_ABOUT_RETURN_TYPE = YES_ERROR;
				GCC_WARN_UNDECLARED_SELECTOR = YES;
				GCC_WARN_UNINITIALIZED_AUTOS = YES_AGGRESSIVE;
				GCC_WARN_UNUSED_FUNCTION = YES;
				GCC_WARN_UNUSED_VARIABLE = YES;
				IPHONEOS_DEPLOYMENT_TARGET = 14.5;
				MTL_ENABLE_DEBUG_INFO = INCLUDE_SOURCE;
				MTL_FAST_MATH = YES;
				ONLY_ACTIVE_ARCH = YES;
				SDKROOT = iphoneos;
				SWIFT_ACTIVE_COMPILATION_CONDITIONS = DEBUG;
				SWIFT_OPTIMIZATION_LEVEL = "-Onone";
			};
			name = Debug;
		};
		80CFD33526A7EFD8009790A2 /* Release */ = {
			isa = XCBuildConfiguration;
			buildSettings = {
				ALWAYS_SEARCH_USER_PATHS = NO;
				CLANG_ANALYZER_NONNULL = YES;
				CLANG_ANALYZER_NUMBER_OBJECT_CONVERSION = YES_AGGRESSIVE;
				CLANG_CXX_LANGUAGE_STANDARD = "gnu++14";
				CLANG_CXX_LIBRARY = "libc++";
				CLANG_ENABLE_MODULES = YES;
				CLANG_ENABLE_OBJC_ARC = YES;
				CLANG_ENABLE_OBJC_WEAK = YES;
				CLANG_WARN_BLOCK_CAPTURE_AUTORELEASING = YES;
				CLANG_WARN_BOOL_CONVERSION = YES;
				CLANG_WARN_COMMA = YES;
				CLANG_WARN_CONSTANT_CONVERSION = YES;
				CLANG_WARN_DEPRECATED_OBJC_IMPLEMENTATIONS = YES;
				CLANG_WARN_DIRECT_OBJC_ISA_USAGE = YES_ERROR;
				CLANG_WARN_DOCUMENTATION_COMMENTS = YES;
				CLANG_WARN_EMPTY_BODY = YES;
				CLANG_WARN_ENUM_CONVERSION = YES;
				CLANG_WARN_INFINITE_RECURSION = YES;
				CLANG_WARN_INT_CONVERSION = YES;
				CLANG_WARN_NON_LITERAL_NULL_CONVERSION = YES;
				CLANG_WARN_OBJC_IMPLICIT_RETAIN_SELF = YES;
				CLANG_WARN_OBJC_LITERAL_CONVERSION = YES;
				CLANG_WARN_OBJC_ROOT_CLASS = YES_ERROR;
				CLANG_WARN_QUOTED_INCLUDE_IN_FRAMEWORK_HEADER = YES;
				CLANG_WARN_RANGE_LOOP_ANALYSIS = YES;
				CLANG_WARN_STRICT_PROTOTYPES = YES;
				CLANG_WARN_SUSPICIOUS_MOVE = YES;
				CLANG_WARN_UNGUARDED_AVAILABILITY = YES_AGGRESSIVE;
				CLANG_WARN_UNREACHABLE_CODE = YES;
				CLANG_WARN__DUPLICATE_METHOD_MATCH = YES;
				COPY_PHASE_STRIP = NO;
				DEBUG_INFORMATION_FORMAT = "dwarf-with-dsym";
				ENABLE_NS_ASSERTIONS = NO;
				ENABLE_STRICT_OBJC_MSGSEND = YES;
				GCC_C_LANGUAGE_STANDARD = gnu11;
				GCC_NO_COMMON_BLOCKS = YES;
				GCC_WARN_64_TO_32_BIT_CONVERSION = YES;
				GCC_WARN_ABOUT_RETURN_TYPE = YES_ERROR;
				GCC_WARN_UNDECLARED_SELECTOR = YES;
				GCC_WARN_UNINITIALIZED_AUTOS = YES_AGGRESSIVE;
				GCC_WARN_UNUSED_FUNCTION = YES;
				GCC_WARN_UNUSED_VARIABLE = YES;
				IPHONEOS_DEPLOYMENT_TARGET = 14.5;
				MTL_ENABLE_DEBUG_INFO = NO;
				MTL_FAST_MATH = YES;
				SDKROOT = iphoneos;
				SWIFT_COMPILATION_MODE = wholemodule;
				SWIFT_OPTIMIZATION_LEVEL = "-O";
				VALIDATE_PRODUCT = YES;
			};
			name = Release;
		};
		80CFD33726A7EFD8009790A2 /* Debug */ = {
			isa = XCBuildConfiguration;
			buildSettings = {
				ASSETCATALOG_COMPILER_APPICON_NAME = AppIcon;
				ASSETCATALOG_COMPILER_GLOBAL_ACCENT_COLOR_NAME = AccentColor;
				CODE_SIGN_STYLE = Automatic;
				DEVELOPMENT_ASSET_PATHS = "\"CryptoApp/Preview Content\"";
				DEVELOPMENT_TEAM = G779QJ727X;
				ENABLE_PREVIEWS = YES;
				INFOPLIST_FILE = CryptoApp/Info.plist;
				IPHONEOS_DEPLOYMENT_TARGET = 14.0;
				LD_RUNPATH_SEARCH_PATHS = (
					"$(inherited)",
					"@executable_path/Frameworks",
				);
				PRODUCT_BUNDLE_IDENTIFIER = com.SergioSepulveda.CryptoApp;
				PRODUCT_NAME = "$(TARGET_NAME)";
				SWIFT_VERSION = 5.0;
				TARGETED_DEVICE_FAMILY = "1,2";
			};
			name = Debug;
		};
		80CFD33826A7EFD8009790A2 /* Release */ = {
			isa = XCBuildConfiguration;
			buildSettings = {
				ASSETCATALOG_COMPILER_APPICON_NAME = AppIcon;
				ASSETCATALOG_COMPILER_GLOBAL_ACCENT_COLOR_NAME = AccentColor;
				CODE_SIGN_STYLE = Automatic;
				DEVELOPMENT_ASSET_PATHS = "\"CryptoApp/Preview Content\"";
				DEVELOPMENT_TEAM = G779QJ727X;
				ENABLE_PREVIEWS = YES;
				INFOPLIST_FILE = CryptoApp/Info.plist;
				IPHONEOS_DEPLOYMENT_TARGET = 14.0;
				LD_RUNPATH_SEARCH_PATHS = (
					"$(inherited)",
					"@executable_path/Frameworks",
				);
				PRODUCT_BUNDLE_IDENTIFIER = com.SergioSepulveda.CryptoApp;
				PRODUCT_NAME = "$(TARGET_NAME)";
				SWIFT_VERSION = 5.0;
				TARGETED_DEVICE_FAMILY = "1,2";
			};
			name = Release;
		};
/* End XCBuildConfiguration section */

/* Begin XCConfigurationList section */
		80CFD32226A7EFD5009790A2 /* Build configuration list for PBXProject "CryptoApp" */ = {
			isa = XCConfigurationList;
			buildConfigurations = (
				80CFD33426A7EFD8009790A2 /* Debug */,
				80CFD33526A7EFD8009790A2 /* Release */,
			);
			defaultConfigurationIsVisible = 0;
			defaultConfigurationName = Release;
		};
		80CFD33626A7EFD8009790A2 /* Build configuration list for PBXNativeTarget "CryptoApp" */ = {
			isa = XCConfigurationList;
			buildConfigurations = (
				80CFD33726A7EFD8009790A2 /* Debug */,
				80CFD33826A7EFD8009790A2 /* Release */,
			);
			defaultConfigurationIsVisible = 0;
			defaultConfigurationName = Release;
		};
/* End XCConfigurationList section */

/* Begin XCRemoteSwiftPackageReference section */
		80CFD34F26A89ACC009790A2 /* XCRemoteSwiftPackageReference "Kingfisher" */ = {
			isa = XCRemoteSwiftPackageReference;
			repositoryURL = "https://github.com/onevcat/Kingfisher.git";
			requirement = {
				kind = upToNextMajorVersion;
				minimumVersion = 6.3.0;
			};
		};
/* End XCRemoteSwiftPackageReference section */

/* Begin XCSwiftPackageProductDependency section */
		80CFD35026A89ACC009790A2 /* Kingfisher */ = {
			isa = XCSwiftPackageProductDependency;
			package = 80CFD34F26A89ACC009790A2 /* XCRemoteSwiftPackageReference "Kingfisher" */;
			productName = Kingfisher;
		};
/* End XCSwiftPackageProductDependency section */
	};
	rootObject = 80CFD31F26A7EFD5009790A2 /* Project object */;
}
